
Microsoft Visual Studio Solution File, Format Version 11.00
# Visual Studio 2010
Project("{FAE04EC0-301F-11D3-BF4B-00C04F79EFBC}") = "cs_fxb_win_hook", "cs_fxb_win_hook\cs_fxb_win_hook.csproj", "{BF9953DB-FA9B-4492-B5D6-F0579A43A644}"
	ProjectSection(ProjectDependencies) = postProject
		{86468D03-2BAC-4894-963C-9F4A2D9EAE4F} = {86468D03-2BAC-4894-963C-9F4A2D9EAE4F}
		{88ED482E-78A1-4418-A4FB-F41EF2D85E7F} = {88ED482E-78A1-4418-A4FB-F41EF2D85E7F}
		{E494D549-279F-40F7-9FE2-8B4ED0088B6B} = {E494D549-279F-40F7-9FE2-8B4ED0088B6B}
		{2C482781-9D2F-47A9-A7AB-649440645D5D} = {2C482781-9D2F-47A9-A7AB-649440645D5D}
		{5538FBAA-6AF5-4703-BCAB-088D2A1C4AD7} = {5538FBAA-6AF5-4703-BCAB-088D2A1C4AD7}
		{D1D923C8-DD4D-43DA-AD39-0E8E316D76F5} = {D1D923C8-DD4D-43DA-AD39-0E8E316D76F5}
	EndProjectSection
EndProject
Project("{FAE04EC0-301F-11D3-BF4B-00C04F79EFBC}") = "set_ini", "set_ini\set_ini.csproj", "{2C482781-9D2F-47A9-A7AB-649440645D5D}"
EndProject
Project("{8BC9CEB8-8B4A-11D0-8D11-00A0C91BC942}") = "KeyBoardHook", "KeyBoardHook\KeyBoardHook.vcxproj", "{88ED482E-78A1-4418-A4FB-F41EF2D85E7F}"
EndProject
Project("{8BC9CEB8-8B4A-11D0-8D11-00A0C91BC942}") = "Disable_the_Accessibility_Shortcut_Keys", "Disable_the_Accessibility_Shortcut_Keys\Disable_the_Accessibility_Shortcut_Keys.vcxproj", "{86468D03-2BAC-4894-963C-9F4A2D9EAE4F}"
EndProject
Project("{8BC9CEB8-8B4A-11D0-8D11-00A0C91BC942}") = "dis_cad_dll", "dis_cad_dll\dis_cad_dll.vcxproj", "{5538FBAA-6AF5-4703-BCAB-088D2A1C4AD7}"
EndProject
Project("{8BC9CEB8-8B4A-11D0-8D11-00A0C91BC942}") = "dis_start", "dis_start\dis_start.vcxproj", "{E494D549-279F-40F7-9FE2-8B4ED0088B6B}"
EndProject
Project("{6141683F-8A12-4E36-9623-2EB02B2C2303}") = "Setup1", "Setup1\Setup1.isproj", "{4B148974-0C63-4AAE-BA62-429B9F151E08}"
	ProjectSection(ProjectDependencies) = postProject
		{86468D03-2BAC-4894-963C-9F4A2D9EAE4F} = {86468D03-2BAC-4894-963C-9F4A2D9EAE4F}
		{88ED482E-78A1-4418-A4FB-F41EF2D85E7F} = {88ED482E-78A1-4418-A4FB-F41EF2D85E7F}
		{E494D549-279F-40F7-9FE2-8B4ED0088B6B} = {E494D549-279F-40F7-9FE2-8B4ED0088B6B}
		{2C482781-9D2F-47A9-A7AB-649440645D5D} = {2C482781-9D2F-47A9-A7AB-649440645D5D}
		{5538FBAA-6AF5-4703-BCAB-088D2A1C4AD7} = {5538FBAA-6AF5-4703-BCAB-088D2A1C4AD7}
		{D1D923C8-DD4D-43DA-AD39-0E8E316D76F5} = {D1D923C8-DD4D-43DA-AD39-0E8E316D76F5}
		{BF9953DB-FA9B-4492-B5D6-F0579A43A644} = {BF9953DB-FA9B-4492-B5D6-F0579A43A644}
	EndProjectSection
EndProject
Project("{FAE04EC0-301F-11D3-BF4B-00C04F79EFBC}") = "FileIni", "FileIni\FileIni.csproj", "{9999E982-F724-4748-80FE-63B2871B7AC1}"
EndProject
Project("{FAE04EC0-301F-11D3-BF4B-00C04F79EFBC}") = "guard", "guard\guard.csproj", "{D1D923C8-DD4D-43DA-AD39-0E8E316D76F5}"
EndProject
Global
	GlobalSection(SolutionConfigurationPlatforms) = preSolution
		CD_ROM|Any CPU = CD_ROM|Any CPU
		CD_ROM|Mixed Platforms = CD_ROM|Mixed Platforms
		CD_ROM|Win32 = CD_ROM|Win32
		CD_ROM|x86 = CD_ROM|x86
		Debug|Any CPU = Debug|Any CPU
		Debug|Mixed Platforms = Debug|Mixed Platforms
		Debug|Win32 = Debug|Win32
		Debug|x86 = Debug|x86
		DVD-5|Any CPU = DVD-5|Any CPU
		DVD-5|Mixed Platforms = DVD-5|Mixed Platforms
		DVD-5|Win32 = DVD-5|Win32
		DVD-5|x86 = DVD-5|x86
		Release|Any CPU = Release|Any CPU
		Release|Mixed Platforms = Release|Mixed Platforms
		Release|Win32 = Release|Win32
		Release|x86 = Release|x86
		SingleImage|Any CPU = SingleImage|Any CPU
		SingleImage|Mixed Platforms = SingleImage|Mixed Platforms
		SingleImage|Win32 = SingleImage|Win32
		SingleImage|x86 = SingleImage|x86
	EndGlobalSection
	GlobalSection(ProjectConfigurationPlatforms) = postSolution
		{BF9953DB-FA9B-4492-B5D6-F0579A43A644}.CD_ROM|Any CPU.ActiveCfg = Release|x86
		{BF9953DB-FA9B-4492-B5D6-F0579A43A644}.CD_ROM|Mixed Platforms.ActiveCfg = Release|x86
		{BF9953DB-FA9B-4492-B5D6-F0579A43A644}.CD_ROM|Mixed Platforms.Build.0 = Release|x86
		{BF9953DB-FA9B-4492-B5D6-F0579A43A644}.CD_ROM|Win32.ActiveCfg = Release|x86
		{BF9953DB-FA9B-4492-B5D6-F0579A43A644}.CD_ROM|x86.ActiveCfg = Release|x86
		{BF9953DB-FA9B-4492-B5D6-F0579A43A644}.CD_ROM|x86.Build.0 = Release|x86
		{BF9953DB-FA9B-4492-B5D6-F0579A43A644}.Debug|Any CPU.ActiveCfg = Debug|x86
		{BF9953DB-FA9B-4492-B5D6-F0579A43A644}.Debug|Mixed Platforms.ActiveCfg = Debug|x86
		{BF9953DB-FA9B-4492-B5D6-F0579A43A644}.Debug|Mixed Platforms.Build.0 = Debug|x86
		{BF9953DB-FA9B-4492-B5D6-F0579A43A644}.Debug|Win32.ActiveCfg = Debug|x86
		{BF9953DB-FA9B-4492-B5D6-F0579A43A644}.Debug|x86.ActiveCfg = Debug|x86
		{BF9953DB-FA9B-4492-B5D6-F0579A43A644}.Debug|x86.Build.0 = Debug|x86
		{BF9953DB-FA9B-4492-B5D6-F0579A43A644}.DVD-5|Any CPU.ActiveCfg = Debug|x86
		{BF9953DB-FA9B-4492-B5D6-F0579A43A644}.DVD-5|Mixed Platforms.ActiveCfg = Debug|x86
		{BF9953DB-FA9B-4492-B5D6-F0579A43A644}.DVD-5|Mixed Platforms.Build.0 = Debug|x86
		{BF9953DB-FA9B-4492-B5D6-F0579A43A644}.DVD-5|Win32.ActiveCfg = Debug|x86
		{BF9953DB-FA9B-4492-B5D6-F0579A43A644}.DVD-5|x86.ActiveCfg = Debug|x86
		{BF9953DB-FA9B-4492-B5D6-F0579A43A644}.DVD-5|x86.Build.0 = Debug|x86
		{BF9953DB-FA9B-4492-B5D6-F0579A43A644}.Release|Any CPU.ActiveCfg = Release|x86
		{BF9953DB-FA9B-4492-B5D6-F0579A43A644}.Release|Mixed Platforms.ActiveCfg = Release|x86
		{BF9953DB-FA9B-4492-B5D6-F0579A43A644}.Release|Mixed Platforms.Build.0 = Release|x86
		{BF9953DB-FA9B-4492-B5D6-F0579A43A644}.Release|Win32.ActiveCfg = Release|x86
		{BF9953DB-FA9B-4492-B5D6-F0579A43A644}.Release|x86.ActiveCfg = Release|x86
		{BF9953DB-FA9B-4492-B5D6-F0579A43A644}.Release|x86.Build.0 = Release|x86
		{BF9953DB-FA9B-4492-B5D6-F0579A43A644}.SingleImage|Any CPU.ActiveCfg = Release|x86
		{BF9953DB-FA9B-4492-B5D6-F0579A43A644}.SingleImage|Mixed Platforms.ActiveCfg = Release|x86
		{BF9953DB-FA9B-4492-B5D6-F0579A43A644}.SingleImage|Mixed Platforms.Build.0 = Release|x86
		{BF9953DB-FA9B-4492-B5D6-F0579A43A644}.SingleImage|Win32.ActiveCfg = Release|x86
		{BF9953DB-FA9B-4492-B5D6-F0579A43A644}.SingleImage|x86.ActiveCfg = Release|x86
		{BF9953DB-FA9B-4492-B5D6-F0579A43A644}.SingleImage|x86.Build.0 = Release|x86
		{2C482781-9D2F-47A9-A7AB-649440645D5D}.CD_ROM|Any CPU.ActiveCfg = Release|x86
		{2C482781-9D2F-47A9-A7AB-649440645D5D}.CD_ROM|Mixed Platforms.ActiveCfg = Release|x86
		{2C482781-9D2F-47A9-A7AB-649440645D5D}.CD_ROM|Mixed Platforms.Build.0 = Release|x86
		{2C482781-9D2F-47A9-A7AB-649440645D5D}.CD_ROM|Win32.ActiveCfg = Release|x86
		{2C482781-9D2F-47A9-A7AB-649440645D5D}.CD_ROM|x86.ActiveCfg = Release|x86
		{2C482781-9D2F-47A9-A7AB-649440645D5D}.CD_ROM|x86.Build.0 = Release|x86
		{2C482781-9D2F-47A9-A7AB-649440645D5D}.Debug|Any CPU.ActiveCfg = Debug|x86
		{2C482781-9D2F-47A9-A7AB-649440645D5D}.Debug|Mixed Platforms.ActiveCfg = Debug|x86
		{2C482781-9D2F-47A9-A7AB-649440645D5D}.Debug|Mixed Platforms.Build.0 = Debug|x86
		{2C482781-9D2F-47A9-A7AB-649440645D5D}.Debug|Win32.ActiveCfg = Debug|x86
		{2C482781-9D2F-47A9-A7AB-649440645D5D}.Debug|x86.ActiveCfg = Debug|x86
		{2C482781-9D2F-47A9-A7AB-649440645D5D}.Debug|x86.Build.0 = Debug|x86
		{2C482781-9D2F-47A9-A7AB-649440645D5D}.DVD-5|Any CPU.ActiveCfg = Debug|x86
		{2C482781-9D2F-47A9-A7AB-649440645D5D}.DVD-5|Mixed Platforms.ActiveCfg = Debug|x86
		{2C482781-9D2F-47A9-A7AB-649440645D5D}.DVD-5|Mixed Platforms.Build.0 = Debug|x86
		{2C482781-9D2F-47A9-A7AB-649440645D5D}.DVD-5|Win32.ActiveCfg = Debug|x86
		{2C482781-9D2F-47A9-A7AB-649440645D5D}.DVD-5|x86.ActiveCfg = Debug|x86
		{2C482781-9D2F-47A9-A7AB-649440645D5D}.DVD-5|x86.Build.0 = Debug|x86
		{2C482781-9D2F-47A9-A7AB-649440645D5D}.Release|Any CPU.ActiveCfg = Release|x86
		{2C482781-9D2F-47A9-A7AB-649440645D5D}.Release|Mixed Platforms.ActiveCfg = Release|x86
		{2C482781-9D2F-47A9-A7AB-649440645D5D}.Release|Mixed Platforms.Build.0 = Release|x86
		{2C482781-9D2F-47A9-A7AB-649440645D5D}.Release|Win32.ActiveCfg = Release|x86
		{2C482781-9D2F-47A9-A7AB-649440645D5D}.Release|x86.ActiveCfg = Release|x86
		{2C482781-9D2F-47A9-A7AB-649440645D5D}.Release|x86.Build.0 = Release|x86
		{2C482781-9D2F-47A9-A7AB-649440645D5D}.SingleImage|Any CPU.ActiveCfg = Release|x86
		{2C482781-9D2F-47A9-A7AB-649440645D5D}.SingleImage|Mixed Platforms.ActiveCfg = Release|x86
		{2C482781-9D2F-47A9-A7AB-649440645D5D}.SingleImage|Mixed Platforms.Build.0 = Release|x86
		{2C482781-9D2F-47A9-A7AB-649440645D5D}.SingleImage|Win32.ActiveCfg = Release|x86
		{2C482781-9D2F-47A9-A7AB-649440645D5D}.SingleImage|x86.ActiveCfg = Release|x86
		{2C482781-9D2F-47A9-A7AB-649440645D5D}.SingleImage|x86.Build.0 = Release|x86
		{88ED482E-78A1-4418-A4FB-F41EF2D85E7F}.CD_ROM|Any CPU.ActiveCfg = Release|Win32
		{88ED482E-78A1-4418-A4FB-F41EF2D85E7F}.CD_ROM|Mixed Platforms.ActiveCfg = Release|Win32
		{88ED482E-78A1-4418-A4FB-F41EF2D85E7F}.CD_ROM|Mixed Platforms.Build.0 = Release|Win32
		{88ED482E-78A1-4418-A4FB-F41EF2D85E7F}.CD_ROM|Win32.ActiveCfg = Release|Win32
		{88ED482E-78A1-4418-A4FB-F41EF2D85E7F}.CD_ROM|Win32.Build.0 = Release|Win32
		{88ED482E-78A1-4418-A4FB-F41EF2D85E7F}.CD_ROM|x86.ActiveCfg = Release|Win32
		{88ED482E-78A1-4418-A4FB-F41EF2D85E7F}.Debug|Any CPU.ActiveCfg = Debug|Win32
		{88ED482E-78A1-4418-A4FB-F41EF2D85E7F}.Debug|Mixed Platforms.ActiveCfg = Debug|Win32
		{88ED482E-78A1-4418-A4FB-F41EF2D85E7F}.Debug|Mixed Platforms.Build.0 = Debug|Win32
		{88ED482E-78A1-4418-A4FB-F41EF2D85E7F}.Debug|Win32.ActiveCfg = Debug|Win32
		{88ED482E-78A1-4418-A4FB-F41EF2D85E7F}.Debug|Win32.Build.0 = Debug|Win32
		{88ED482E-78A1-4418-A4FB-F41EF2D85E7F}.Debug|x86.ActiveCfg = Debug|Win32
		{88ED482E-78A1-4418-A4FB-F41EF2D85E7F}.DVD-5|Any CPU.ActiveCfg = Debug|Win32
		{88ED482E-78A1-4418-A4FB-F41EF2D85E7F}.DVD-5|Mixed Platforms.ActiveCfg = Debug|Win32
		{88ED482E-78A1-4418-A4FB-F41EF2D85E7F}.DVD-5|Mixed Platforms.Build.0 = Debug|Win32
		{88ED482E-78A1-4418-A4FB-F41EF2D85E7F}.DVD-5|Win32.ActiveCfg = Debug|Win32
		{88ED482E-78A1-4418-A4FB-F41EF2D85E7F}.DVD-5|Win32.Build.0 = Debug|Win32
		{88ED482E-78A1-4418-A4FB-F41EF2D85E7F}.DVD-5|x86.ActiveCfg = Debug|Win32
		{88ED482E-78A1-4418-A4FB-F41EF2D85E7F}.Release|Any CPU.ActiveCfg = Release|Win32
		{88ED482E-78A1-4418-A4FB-F41EF2D85E7F}.Release|Mixed Platforms.ActiveCfg = Release|Win32
		{88ED482E-78A1-4418-A4FB-F41EF2D85E7F}.Release|Mixed Platforms.Build.0 = Release|Win32
		{88ED482E-78A1-4418-A4FB-F41EF2D85E7F}.Release|Win32.ActiveCfg = Release|Win32
		{88ED482E-78A1-4418-A4FB-F41EF2D85E7F}.Release|Win32.Build.0 = Release|Win32
		{88ED482E-78A1-4418-A4FB-F41EF2D85E7F}.Release|x86.ActiveCfg = Release|Win32
		{88ED482E-78A1-4418-A4FB-F41EF2D85E7F}.SingleImage|Any CPU.ActiveCfg = Release|Win32
		{88ED482E-78A1-4418-A4FB-F41EF2D85E7F}.SingleImage|Mixed Platforms.ActiveCfg = Release|Win32
		{88ED482E-78A1-4418-A4FB-F41EF2D85E7F}.SingleImage|Mixed Platforms.Build.0 = Release|Win32
		{88ED482E-78A1-4418-A4FB-F41EF2D85E7F}.SingleImage|Win32.ActiveCfg = Release|Win32
		{88ED482E-78A1-4418-A4FB-F41EF2D85E7F}.SingleImage|Win32.Build.0 = Release|Win32
		{88ED482E-78A1-4418-A4FB-F41EF2D85E7F}.SingleImage|x86.ActiveCfg = Release|Win32
		{86468D03-2BAC-4894-963C-9F4A2D9EAE4F}.CD_ROM|Any CPU.ActiveCfg = Release|Win32
		{86468D03-2BAC-4894-963C-9F4A2D9EAE4F}.CD_ROM|Mixed Platforms.ActiveCfg = Release|Win32
		{86468D03-2BAC-4894-963C-9F4A2D9EAE4F}.CD_ROM|Mixed Platforms.Build.0 = Release|Win32
		{86468D03-2BAC-4894-963C-9F4A2D9EAE4F}.CD_ROM|Win32.ActiveCfg = Release|Win32
		{86468D03-2BAC-4894-963C-9F4A2D9EAE4F}.CD_ROM|Win32.Build.0 = Release|Win32
		{86468D03-2BAC-4894-963C-9F4A2D9EAE4F}.CD_ROM|x86.ActiveCfg = Release|Win32
		{86468D03-2BAC-4894-963C-9F4A2D9EAE4F}.Debug|Any CPU.ActiveCfg = Debug|Win32
		{86468D03-2BAC-4894-963C-9F4A2D9EAE4F}.Debug|Mixed Platforms.ActiveCfg = Debug|Win32
		{86468D03-2BAC-4894-963C-9F4A2D9EAE4F}.Debug|Mixed Platforms.Build.0 = Debug|Win32
		{86468D03-2BAC-4894-963C-9F4A2D9EAE4F}.Debug|Win32.ActiveCfg = Debug|Win32
		{86468D03-2BAC-4894-963C-9F4A2D9EAE4F}.Debug|Win32.Build.0 = Debug|Win32
		{86468D03-2BAC-4894-963C-9F4A2D9EAE4F}.Debug|x86.ActiveCfg = Debug|Win32
		{86468D03-2BAC-4894-963C-9F4A2D9EAE4F}.DVD-5|Any CPU.ActiveCfg = Debug|Win32
		{86468D03-2BAC-4894-963C-9F4A2D9EAE4F}.DVD-5|Mixed Platforms.ActiveCfg = Debug|Win32
		{86468D03-2BAC-4894-963C-9F4A2D9EAE4F}.DVD-5|Mixed Platforms.Build.0 = Debug|Win32
		{86468D03-2BAC-4894-963C-9F4A2D9EAE4F}.DVD-5|Win32.ActiveCfg = Debug|Win32
		{86468D03-2BAC-4894-963C-9F4A2D9EAE4F}.DVD-5|Win32.Build.0 = Debug|Win32
		{86468D03-2BAC-4894-963C-9F4A2D9EAE4F}.DVD-5|x86.ActiveCfg = Debug|Win32
		{86468D03-2BAC-4894-963C-9F4A2D9EAE4F}.Release|Any CPU.ActiveCfg = Release|Win32
		{86468D03-2BAC-4894-963C-9F4A2D9EAE4F}.Release|Mixed Platforms.ActiveCfg = Release|Win32
		{86468D03-2BAC-4894-963C-9F4A2D9EAE4F}.Release|Mixed Platforms.Build.0 = Release|Win32
		{86468D03-2BAC-4894-963C-9F4A2D9EAE4F}.Release|Win32.ActiveCfg = Release|Win32
		{86468D03-2BAC-4894-963C-9F4A2D9EAE4F}.Release|Win32.Build.0 = Release|Win32
		{86468D03-2BAC-4894-963C-9F4A2D9EAE4F}.Release|x86.ActiveCfg = Release|Win32
		{86468D03-2BAC-4894-963C-9F4A2D9EAE4F}.SingleImage|Any CPU.ActiveCfg = Release|Win32
		{86468D03-2BAC-4894-963C-9F4A2D9EAE4F}.SingleImage|Mixed Platforms.ActiveCfg = Release|Win32
		{86468D03-2BAC-4894-963C-9F4A2D9EAE4F}.SingleImage|Mixed Platforms.Build.0 = Release|Win32
		{86468D03-2BAC-4894-963C-9F4A2D9EAE4F}.SingleImage|Win32.ActiveCfg = Release|Win32
		{86468D03-2BAC-4894-963C-9F4A2D9EAE4F}.SingleImage|Win32.Build.0 = Release|Win32
		{86468D03-2BAC-4894-963C-9F4A2D9EAE4F}.SingleImage|x86.ActiveCfg = Release|Win32
		{5538FBAA-6AF5-4703-BCAB-088D2A1C4AD7}.CD_ROM|Any CPU.ActiveCfg = Release|Win32
		{5538FBAA-6AF5-4703-BCAB-088D2A1C4AD7}.CD_ROM|Mixed Platforms.ActiveCfg = Release|Win32
		{5538FBAA-6AF5-4703-BCAB-088D2A1C4AD7}.CD_ROM|Mixed Platforms.Build.0 = Release|Win32
		{5538FBAA-6AF5-4703-BCAB-088D2A1C4AD7}.CD_ROM|Win32.ActiveCfg = Release|Win32
		{5538FBAA-6AF5-4703-BCAB-088D2A1C4AD7}.CD_ROM|Win32.Build.0 = Release|Win32
		{5538FBAA-6AF5-4703-BCAB-088D2A1C4AD7}.CD_ROM|x86.ActiveCfg = Release|Win32
		{5538FBAA-6AF5-4703-BCAB-088D2A1C4AD7}.Debug|Any CPU.ActiveCfg = Debug|Win32
		{5538FBAA-6AF5-4703-BCAB-088D2A1C4AD7}.Debug|Mixed Platforms.ActiveCfg = Debug|Win32
		{5538FBAA-6AF5-4703-BCAB-088D2A1C4AD7}.Debug|Mixed Platforms.Build.0 = Debug|Win32
		{5538FBAA-6AF5-4703-BCAB-088D2A1C4AD7}.Debug|Win32.ActiveCfg = Debug|Win32
		{5538FBAA-6AF5-4703-BCAB-088D2A1C4AD7}.Debug|Win32.Build.0 = Debug|Win32
		{5538FBAA-6AF5-4703-BCAB-088D2A1C4AD7}.Debug|x86.ActiveCfg = Debug|Win32
		{5538FBAA-6AF5-4703-BCAB-088D2A1C4AD7}.DVD-5|Any CPU.ActiveCfg = Debug|Win32
		{5538FBAA-6AF5-4703-BCAB-088D2A1C4AD7}.DVD-5|Mixed Platforms.ActiveCfg = Debug|Win32
		{5538FBAA-6AF5-4703-BCAB-088D2A1C4AD7}.DVD-5|Mixed Platforms.Build.0 = Debug|Win32
		{5538FBAA-6AF5-4703-BCAB-088D2A1C4AD7}.DVD-5|Win32.ActiveCfg = Debug|Win32
		{5538FBAA-6AF5-4703-BCAB-088D2A1C4AD7}.DVD-5|Win32.Build.0 = Debug|Win32
		{5538FBAA-6AF5-4703-BCAB-088D2A1C4AD7}.DVD-5|x86.ActiveCfg = Debug|Win32
		{5538FBAA-6AF5-4703-BCAB-088D2A1C4AD7}.Release|Any CPU.ActiveCfg = Release|Win32
		{5538FBAA-6AF5-4703-BCAB-088D2A1C4AD7}.Release|Mixed Platforms.ActiveCfg = Release|Win32
		{5538FBAA-6AF5-4703-BCAB-088D2A1C4AD7}.Release|Mixed Platforms.Build.0 = Release|Win32
		{5538FBAA-6AF5-4703-BCAB-088D2A1C4AD7}.Release|Win32.ActiveCfg = Release|Win32
		{5538FBAA-6AF5-4703-BCAB-088D2A1C4AD7}.Release|Win32.Build.0 = Release|Win32
		{5538FBAA-6AF5-4703-BCAB-088D2A1C4AD7}.Release|x86.ActiveCfg = Release|Win32
		{5538FBAA-6AF5-4703-BCAB-088D2A1C4AD7}.SingleImage|Any CPU.ActiveCfg = Release|Win32
		{5538FBAA-6AF5-4703-BCAB-088D2A1C4AD7}.SingleImage|Mixed Platforms.ActiveCfg = Release|Win32
		{5538FBAA-6AF5-4703-BCAB-088D2A1C4AD7}.SingleImage|Mixed Platforms.Build.0 = Release|Win32
		{5538FBAA-6AF5-4703-BCAB-088D2A1C4AD7}.SingleImage|Win32.ActiveCfg = Release|Win32
		{5538FBAA-6AF5-4703-BCAB-088D2A1C4AD7}.SingleImage|Win32.Build.0 = Release|Win32
		{5538FBAA-6AF5-4703-BCAB-088D2A1C4AD7}.SingleImage|x86.ActiveCfg = Release|Win32
		{E494D549-279F-40F7-9FE2-8B4ED0088B6B}.CD_ROM|Any CPU.ActiveCfg = Release|Win32
		{E494D549-279F-40F7-9FE2-8B4ED0088B6B}.CD_ROM|Mixed Platforms.ActiveCfg = Release|Win32
		{E494D549-279F-40F7-9FE2-8B4ED0088B6B}.CD_ROM|Mixed Platforms.Build.0 = Release|Win32
		{E494D549-279F-40F7-9FE2-8B4ED0088B6B}.CD_ROM|Win32.ActiveCfg = Release|Win32
		{E494D549-279F-40F7-9FE2-8B4ED0088B6B}.CD_ROM|Win32.Build.0 = Release|Win32
		{E494D549-279F-40F7-9FE2-8B4ED0088B6B}.CD_ROM|x86.ActiveCfg = Release|Win32
		{E494D549-279F-40F7-9FE2-8B4ED0088B6B}.Debug|Any CPU.ActiveCfg = Debug|Win32
		{E494D549-279F-40F7-9FE2-8B4ED0088B6B}.Debug|Mixed Platforms.ActiveCfg = Debug|Win32
		{E494D549-279F-40F7-9FE2-8B4ED0088B6B}.Debug|Mixed Platforms.Build.0 = Debug|Win32
		{E494D549-279F-40F7-9FE2-8B4ED0088B6B}.Debug|Win32.ActiveCfg = Debug|Win32
		{E494D549-279F-40F7-9FE2-8B4ED0088B6B}.Debug|Win32.Build.0 = Debug|Win32
		{E494D549-279F-40F7-9FE2-8B4ED0088B6B}.Debug|x86.ActiveCfg = Debug|Win32
		{E494D549-279F-40F7-9FE2-8B4ED0088B6B}.DVD-5|Any CPU.ActiveCfg = Debug|Win32
		{E494D549-279F-40F7-9FE2-8B4ED0088B6B}.DVD-5|Mixed Platforms.ActiveCfg = Debug|Win32
		{E494D549-279F-40F7-9FE2-8B4ED0088B6B}.DVD-5|Mixed Platforms.Build.0 = Debug|Win32
		{E494D549-279F-40F7-9FE2-8B4ED0088B6B}.DVD-5|Win32.ActiveCfg = Debug|Win32
		{E494D549-279F-40F7-9FE2-8B4ED0088B6B}.DVD-5|Win32.Build.0 = Debug|Win32
		{E494D549-279F-40F7-9FE2-8B4ED0088B6B}.DVD-5|x86.ActiveCfg = Debug|Win32
		{E494D549-279F-40F7-9FE2-8B4ED0088B6B}.Release|Any CPU.ActiveCfg = Release|Win32
		{E494D549-279F-40F7-9FE2-8B4ED0088B6B}.Release|Mixed Platforms.ActiveCfg = Release|Win32
		{E494D549-279F-40F7-9FE2-8B4ED0088B6B}.Release|Mixed Platforms.Build.0 = Release|Win32
		{E494D549-279F-40F7-9FE2-8B4ED0088B6B}.Release|Win32.ActiveCfg = Release|Win32
		{E494D549-279F-40F7-9FE2-8B4ED0088B6B}.Release|Win32.Build.0 = Release|Win32
		{E494D549-279F-40F7-9FE2-8B4ED0088B6B}.Release|x86.ActiveCfg = Release|Win32
		{E494D549-279F-40F7-9FE2-8B4ED0088B6B}.SingleImage|Any CPU.ActiveCfg = Release|Win32
		{E494D549-279F-40F7-9FE2-8B4ED0088B6B}.SingleImage|Mixed Platforms.ActiveCfg = Release|Win32
		{E494D549-279F-40F7-9FE2-8B4ED0088B6B}.SingleImage|Mixed Platforms.Build.0 = Release|Win32
		{E494D549-279F-40F7-9FE2-8B4ED0088B6B}.SingleImage|Win32.ActiveCfg = Release|Win32
		{E494D549-279F-40F7-9FE2-8B4ED0088B6B}.SingleImage|Win32.Build.0 = Release|Win32
		{E494D549-279F-40F7-9FE2-8B4ED0088B6B}.SingleImage|x86.ActiveCfg = Release|Win32
		{4B148974-0C63-4AAE-BA62-429B9F151E08}.CD_ROM|Any CPU.ActiveCfg = CD_ROM
		{4B148974-0C63-4AAE-BA62-429B9F151E08}.CD_ROM|Any CPU.Build.0 = CD_ROM
		{4B148974-0C63-4AAE-BA62-429B9F151E08}.CD_ROM|Mixed Platforms.ActiveCfg = CD_ROM
		{4B148974-0C63-4AAE-BA62-429B9F151E08}.CD_ROM|Mixed Platforms.Build.0 = CD_ROM
		{4B148974-0C63-4AAE-BA62-429B9F151E08}.CD_ROM|Win32.ActiveCfg = CD_ROM
		{4B148974-0C63-4AAE-BA62-429B9F151E08}.CD_ROM|Win32.Build.0 = CD_ROM
		{4B148974-0C63-4AAE-BA62-429B9F151E08}.CD_ROM|x86.ActiveCfg = CD_ROM
		{4B148974-0C63-4AAE-BA62-429B9F151E08}.CD_ROM|x86.Build.0 = CD_ROM
		{4B148974-0C63-4AAE-BA62-429B9F151E08}.Debug|Any CPU.ActiveCfg = DVD-5
		{4B148974-0C63-4AAE-BA62-429B9F151E08}.Debug|Any CPU.Build.0 = DVD-5
		{4B148974-0C63-4AAE-BA62-429B9F151E08}.Debug|Mixed Platforms.ActiveCfg = DVD-5
		{4B148974-0C63-4AAE-BA62-429B9F151E08}.Debug|Mixed Platforms.Build.0 = DVD-5
		{4B148974-0C63-4AAE-BA62-429B9F151E08}.Debug|Win32.ActiveCfg = DVD-5
		{4B148974-0C63-4AAE-BA62-429B9F151E08}.Debug|Win32.Build.0 = DVD-5
		{4B148974-0C63-4AAE-BA62-429B9F151E08}.Debug|x86.ActiveCfg = DVD-5
		{4B148974-0C63-4AAE-BA62-429B9F151E08}.Debug|x86.Build.0 = DVD-5
		{4B148974-0C63-4AAE-BA62-429B9F151E08}.DVD-5|Any CPU.ActiveCfg = DVD-5
		{4B148974-0C63-4AAE-BA62-429B9F151E08}.DVD-5|Any CPU.Build.0 = DVD-5
		{4B148974-0C63-4AAE-BA62-429B9F151E08}.DVD-5|Mixed Platforms.ActiveCfg = DVD-5
		{4B148974-0C63-4AAE-BA62-429B9F151E08}.DVD-5|Mixed Platforms.Build.0 = DVD-5
		{4B148974-0C63-4AAE-BA62-429B9F151E08}.DVD-5|Win32.ActiveCfg = DVD-5
		{4B148974-0C63-4AAE-BA62-429B9F151E08}.DVD-5|Win32.Build.0 = DVD-5
		{4B148974-0C63-4AAE-BA62-429B9F151E08}.DVD-5|x86.ActiveCfg = DVD-5
		{4B148974-0C63-4AAE-BA62-429B9F151E08}.DVD-5|x86.Build.0 = DVD-5
		{4B148974-0C63-4AAE-BA62-429B9F151E08}.Release|Any CPU.ActiveCfg = SingleImage
		{4B148974-0C63-4AAE-BA62-429B9F151E08}.Release|Any CPU.Build.0 = SingleImage
		{4B148974-0C63-4AAE-BA62-429B9F151E08}.Release|Mixed Platforms.ActiveCfg = SingleImage
		{4B148974-0C63-4AAE-BA62-429B9F151E08}.Release|Mixed Platforms.Build.0 = SingleImage
		{4B148974-0C63-4AAE-BA62-429B9F151E08}.Release|Win32.ActiveCfg = SingleImage
		{4B148974-0C63-4AAE-BA62-429B9F151E08}.Release|Win32.Build.0 = SingleImage
		{4B148974-0C63-4AAE-BA62-429B9F151E08}.Release|x86.ActiveCfg = SingleImage
		{4B148974-0C63-4AAE-BA62-429B9F151E08}.Release|x86.Build.0 = SingleImage
		{4B148974-0C63-4AAE-BA62-429B9F151E08}.SingleImage|Any CPU.ActiveCfg = SingleImage
		{4B148974-0C63-4AAE-BA62-429B9F151E08}.SingleImage|Any CPU.Build.0 = SingleImage
		{4B148974-0C63-4AAE-BA62-429B9F151E08}.SingleImage|Mixed Platforms.ActiveCfg = SingleImage
		{4B148974-0C63-4AAE-BA62-429B9F151E08}.SingleImage|Mixed Platforms.Build.0 = SingleImage
		{4B148974-0C63-4AAE-BA62-429B9F151E08}.SingleImage|Win32.ActiveCfg = SingleImage
		{4B148974-0C63-4AAE-BA62-429B9F151E08}.SingleImage|Win32.Build.0 = SingleImage
		{4B148974-0C63-4AAE-BA62-429B9F151E08}.SingleImage|x86.ActiveCfg = SingleImage
		{4B148974-0C63-4AAE-BA62-429B9F151E08}.SingleImage|x86.Build.0 = SingleImage
		{9999E982-F724-4748-80FE-63B2871B7AC1}.CD_ROM|Any CPU.ActiveCfg = Release|Any CPU
		{9999E982-F724-4748-80FE-63B2871B7AC1}.CD_ROM|Any CPU.Build.0 = Release|Any CPU
		{9999E982-F724-4748-80FE-63B2871B7AC1}.CD_ROM|Mixed Platforms.ActiveCfg = Release|Any CPU
		{9999E982-F724-4748-80FE-63B2871B7AC1}.CD_ROM|Mixed Platforms.Build.0 = Release|Any CPU
		{9999E982-F724-4748-80FE-63B2871B7AC1}.CD_ROM|Win32.ActiveCfg = Release|Any CPU
		{9999E982-F724-4748-80FE-63B2871B7AC1}.CD_ROM|x86.ActiveCfg = Release|Any CPU
		{9999E982-F724-4748-80FE-63B2871B7AC1}.Debug|Any CPU.ActiveCfg = Debug|Any CPU
		{9999E982-F724-4748-80FE-63B2871B7AC1}.Debug|Any CPU.Build.0 = Debug|Any CPU
		{9999E982-F724-4748-80FE-63B2871B7AC1}.Debug|Mixed Platforms.ActiveCfg = Debug|Any CPU
		{9999E982-F724-4748-80FE-63B2871B7AC1}.Debug|Mixed Platforms.Build.0 = Debug|Any CPU
		{9999E982-F724-4748-80FE-63B2871B7AC1}.Debug|Win32.ActiveCfg = Debug|Any CPU
		{9999E982-F724-4748-80FE-63B2871B7AC1}.Debug|x86.ActiveCfg = Debug|Any CPU
		{9999E982-F724-4748-80FE-63B2871B7AC1}.DVD-5|Any CPU.ActiveCfg = Debug|Any CPU
		{9999E982-F724-4748-80FE-63B2871B7AC1}.DVD-5|Any CPU.Build.0 = Debug|Any CPU
		{9999E982-F724-4748-80FE-63B2871B7AC1}.DVD-5|Mixed Platforms.ActiveCfg = Debug|Any CPU
		{9999E982-F724-4748-80FE-63B2871B7AC1}.DVD-5|Mixed Platforms.Build.0 = Debug|Any CPU
		{9999E982-F724-4748-80FE-63B2871B7AC1}.DVD-5|Win32.ActiveCfg = Debug|Any CPU
		{9999E982-F724-4748-80FE-63B2871B7AC1}.DVD-5|x86.ActiveCfg = Debug|Any CPU
		{9999E982-F724-4748-80FE-63B2871B7AC1}.Release|Any CPU.ActiveCfg = Release|Any CPU
		{9999E982-F724-4748-80FE-63B2871B7AC1}.Release|Any CPU.Build.0 = Release|Any CPU
		{9999E982-F724-4748-80FE-63B2871B7AC1}.Release|Mixed Platforms.ActiveCfg = Release|Any CPU
		{9999E982-F724-4748-80FE-63B2871B7AC1}.Release|Mixed Platforms.Build.0 = Release|Any CPU
		{9999E982-F724-4748-80FE-63B2871B7AC1}.Release|Win32.ActiveCfg = Release|Any CPU
		{9999E982-F724-4748-80FE-63B2871B7AC1}.Release|x86.ActiveCfg = Release|Any CPU
		{9999E982-F724-4748-80FE-63B2871B7AC1}.SingleImage|Any CPU.ActiveCfg = Release|Any CPU
		{9999E982-F724-4748-80FE-63B2871B7AC1}.SingleImage|Any CPU.Build.0 = Release|Any CPU
		{9999E982-F724-4748-80FE-63B2871B7AC1}.SingleImage|Mixed Platforms.ActiveCfg = Release|Any CPU
		{9999E982-F724-4748-80FE-63B2871B7AC1}.SingleImage|Mixed Platforms.Build.0 = Release|Any CPU
		{9999E982-F724-4748-80FE-63B2871B7AC1}.SingleImage|Win32.ActiveCfg = Release|Any CPU
		{9999E982-F724-4748-80FE-63B2871B7AC1}.SingleImage|x86.ActiveCfg = Release|Any CPU
		{D1D923C8-DD4D-43DA-AD39-0E8E316D76F5}.CD_ROM|Any CPU.ActiveCfg = Release|x86
		{D1D923C8-DD4D-43DA-AD39-0E8E316D76F5}.CD_ROM|Mixed Platforms.ActiveCfg = Release|x86
		{D1D923C8-DD4D-43DA-AD39-0E8E316D76F5}.CD_ROM|Mixed Platforms.Build.0 = Release|x86
		{D1D923C8-DD4D-43DA-AD39-0E8E316D76F5}.CD_ROM|Win32.ActiveCfg = Release|x86
		{D1D923C8-DD4D-43DA-AD39-0E8E316D76F5}.CD_ROM|x86.ActiveCfg = Release|x86
		{D1D923C8-DD4D-43DA-AD39-0E8E316D76F5}.CD_ROM|x86.Build.0 = Release|x86
		{D1D923C8-DD4D-43DA-AD39-0E8E316D76F5}.Debug|Any CPU.ActiveCfg = Debug|x86
		{D1D923C8-DD4D-43DA-AD39-0E8E316D76F5}.Debug|Mixed Platforms.ActiveCfg = Debug|x86
		{D1D923C8-DD4D-43DA-AD39-0E8E316D76F5}.Debug|Mixed Platforms.Build.0 = Debug|x86
		{D1D923C8-DD4D-43DA-AD39-0E8E316D76F5}.Debug|Win32.ActiveCfg = Debug|x86
		{D1D923C8-DD4D-43DA-AD39-0E8E316D76F5}.Debug|x86.ActiveCfg = Debug|x86
		{D1D923C8-DD4D-43DA-AD39-0E8E316D76F5}.Debug|x86.Build.0 = Debug|x86
		{D1D923C8-DD4D-43DA-AD39-0E8E316D76F5}.DVD-5|Any CPU.ActiveCfg = Debug|x86
		{D1D923C8-DD4D-43DA-AD39-0E8E316D76F5}.DVD-5|Mixed Platforms.ActiveCfg = Debug|x86
		{D1D923C8-DD4D-43DA-AD39-0E8E316D76F5}.DVD-5|Mixed Platforms.Build.0 = Debug|x86
		{D1D923C8-DD4D-43DA-AD39-0E8E316D76F5}.DVD-5|Win32.ActiveCfg = Debug|x86
		{D1D923C8-DD4D-43DA-AD39-0E8E316D76F5}.DVD-5|x86.ActiveCfg = Debug|x86
		{D1D923C8-DD4D-43DA-AD39-0E8E316D76F5}.DVD-5|x86.Build.0 = Debug|x86
		{D1D923C8-DD4D-43DA-AD39-0E8E316D76F5}.Release|Any CPU.ActiveCfg = Release|x86
		{D1D923C8-DD4D-43DA-AD39-0E8E316D76F5}.Release|Mixed Platforms.ActiveCfg = Release|x86
		{D1D923C8-DD4D-43DA-AD39-0E8E316D76F5}.Release|Mixed Platforms.Build.0 = Release|x86
		{D1D923C8-DD4D-43DA-AD39-0E8E316D76F5}.Release|Win32.ActiveCfg = Release|x86
		{D1D923C8-DD4D-43DA-AD39-0E8E316D76F5}.Release|x86.ActiveCfg = Release|x86
		{D1D923C8-DD4D-43DA-AD39-0E8E316D76F5}.Release|x86.Build.0 = Release|x86
		{D1D923C8-DD4D-43DA-AD39-0E8E316D76F5}.SingleImage|Any CPU.ActiveCfg = Release|x86
		{D1D923C8-DD4D-43DA-AD39-0E8E316D76F5}.SingleImage|Mixed Platforms.ActiveCfg = Release|x86
		{D1D923C8-DD4D-43DA-AD39-0E8E316D76F5}.SingleImage|Mixed Platforms.Build.0 = Release|x86
		{D1D923C8-DD4D-43DA-AD39-0E8E316D76F5}.SingleImage|Win32.ActiveCfg = Release|x86
		{D1D923C8-DD4D-43DA-AD39-0E8E316D76F5}.SingleImage|x86.ActiveCfg = Release|x86
		{D1D923C8-DD4D-43DA-AD39-0E8E316D76F5}.SingleImage|x86.Build.0 = Release|x86
	EndGlobalSection
	GlobalSection(SolutionProperties) = preSolution
		HideSolutionNode = FALSE
	EndGlobalSection
EndGlobal
